// !$*UTF8*$!
{
	archiveVersion = 1;
	classes = {
	};
	objectVersion = 46;
	objects = {

/* Begin PBXBuildFile section */
		D62468F21BF3BD80007612C7 /* AppDelegate.swift in Sources */ = {isa = PBXBuildFile; fileRef = D62468F11BF3BD80007612C7 /* AppDelegate.swift */; };
		D62468F41BF3BD80007612C7 /* YellowVC.swift in Sources */ = {isa = PBXBuildFile; fileRef = D62468F31BF3BD80007612C7 /* YellowVC.swift */; };
		D62468F91BF3BD80007612C7 /* Assets.xcassets in Resources */ = {isa = PBXBuildFile; fileRef = D62468F81BF3BD80007612C7 /* Assets.xcassets */; };
		D62468FC1BF3BD80007612C7 /* LaunchScreen.storyboard in Resources */ = {isa = PBXBuildFile; fileRef = D62468FA1BF3BD80007612C7 /* LaunchScreen.storyboard */; };
		D62469071BF3BD80007612C7 /* nostoryboardTests.swift in Sources */ = {isa = PBXBuildFile; fileRef = D62469061BF3BD80007612C7 /* nostoryboardTests.swift */; };
		D62469121BF3BD80007612C7 /* nostoryboardUITests.swift in Sources */ = {isa = PBXBuildFile; fileRef = D62469111BF3BD80007612C7 /* nostoryboardUITests.swift */; };
		D62469201BF3BE6A007612C7 /* YellowVC.xib in Resources */ = {isa = PBXBuildFile; fileRef = D624691F1BF3BE69007612C7 /* YellowVC.xib */; };
		D62469261BF3C163007612C7 /* BlueVC.swift in Sources */ = {isa = PBXBuildFile; fileRef = D62469241BF3C163007612C7 /* BlueVC.swift */; };
		D62469271BF3C163007612C7 /* BlueVC.xib in Resources */ = {isa = PBXBuildFile; fileRef = D62469251BF3C163007612C7 /* BlueVC.xib */; };
/* End PBXBuildFile section */

/* Begin PBXContainerItemProxy section */
		D62469031BF3BD80007612C7 /* PBXContainerItemProxy */ = {
			isa = PBXContainerItemProxy;
			containerPortal = D62468E61BF3BD80007612C7 /* Project object */;
			proxyType = 1;
			remoteGlobalIDString = D62468ED1BF3BD80007612C7;
			remoteInfo = nostoryboard;
		};
		D624690E1BF3BD80007612C7 /* PBXContainerItemProxy */ = {
			isa = PBXContainerItemProxy;
			containerPortal = D62468E61BF3BD80007612C7 /* Project object */;
			proxyType = 1;
			remoteGlobalIDString = D62468ED1BF3BD80007612C7;
			remoteInfo = nostoryboard;
		};
/* End PBXContainerItemProxy section */

/* Begin PBXFileReference section */
		D62468EE1BF3BD80007612C7 /* nostoryboard.app */ = {isa = PBXFileReference; explicitFileType = wrapper.application; includeInIndex = 0; path = nostoryboard.app; sourceTree = BUILT_PRODUCTS_DIR; };
		D62468F11BF3BD80007612C7 /* AppDelegate.swift */ = {isa = PBXFileReference; lastKnownFileType = sourcecode.swift; path = AppDelegate.swift; sourceTree = "<group>"; };
		D62468F31BF3BD80007612C7 /* YellowVC.swift */ = {isa = PBXFileReference; lastKnownFileType = sourcecode.swift; path = YellowVC.swift; sourceTree = "<group>"; };
		D62468F81BF3BD80007612C7 /* Assets.xcassets */ = {isa = PBXFileReference; lastKnownFileType = folder.assetcatalog; path = Assets.xcassets; sourceTree = "<group>"; };
		D62468FB1BF3BD80007612C7 /* Base */ = {isa = PBXFileReference; lastKnownFileType = file.storyboard; name = Base; path = Base.lproj/LaunchScreen.storyboard; sourceTree = "<group>"; };
		D62468FD1BF3BD80007612C7 /* Info.plist */ = {isa = PBXFileReference; lastKnownFileType = text.plist.xml; path = Info.plist; sourceTree = "<group>"; };
		D62469021BF3BD80007612C7 /* nostoryboardTests.xctest */ = {isa = PBXFileReference; explicitFileType = wrapper.cfbundle; includeInIndex = 0; path = nostoryboardTests.xctest; sourceTree = BUILT_PRODUCTS_DIR; };
		D62469061BF3BD80007612C7 /* nostoryboardTests.swift */ = {isa = PBXFileReference; lastKnownFileType = sourcecode.swift; path = nostoryboardTests.swift; sourceTree = "<group>"; };
		D62469081BF3BD80007612C7 /* Info.plist */ = {isa = PBXFileReference; lastKnownFileType = text.plist.xml; path = Info.plist; sourceTree = "<group>"; };
		D624690D1BF3BD80007612C7 /* nostoryboardUITests.xctest */ = {isa = PBXFileReference; explicitFileType = wrapper.cfbundle; includeInIndex = 0; path = nostoryboardUITests.xctest; sourceTree = BUILT_PRODUCTS_DIR; };
		D62469111BF3BD80007612C7 /* nostoryboardUITests.swift */ = {isa = PBXFileReference; lastKnownFileType = sourcecode.swift; path = nostoryboardUITests.swift; sourceTree = "<group>"; };
		D62469131BF3BD80007612C7 /* Info.plist */ = {isa = PBXFileReference; lastKnownFileType = text.plist.xml; path = Info.plist; sourceTree = "<group>"; };
		D624691F1BF3BE69007612C7 /* YellowVC.xib */ = {isa = PBXFileReference; fileEncoding = 4; lastKnownFileType = file.xib; path = YellowVC.xib; sourceTree = "<group>"; };
		D62469241BF3C163007612C7 /* BlueVC.swift */ = {isa = PBXFileReference; fileEncoding = 4; lastKnownFileType = sourcecode.swift; path = BlueVC.swift; sourceTree = "<group>"; };
		D62469251BF3C163007612C7 /* BlueVC.xib */ = {isa = PBXFileReference; fileEncoding = 4; lastKnownFileType = file.xib; path = BlueVC.xib; sourceTree = "<group>"; };
/* End PBXFileReference section */

/* Begin PBXFrameworksBuildPhase section */
		D62468EB1BF3BD80007612C7 /* Frameworks */ = {
			isa = PBXFrameworksBuildPhase;
			buildActionMask = 2147483647;
			files = (
			);
			runOnlyForDeploymentPostprocessing = 0;
		};
		D62468FF1BF3BD80007612C7 /* Frameworks */ = {
			isa = PBXFrameworksBuildPhase;
			buildActionMask = 2147483647;
			files = (
			);
			runOnlyForDeploymentPostprocessing = 0;
		};
		D624690A1BF3BD80007612C7 /* Frameworks */ = {
			isa = PBXFrameworksBuildPhase;
			buildActionMask = 2147483647;
			files = (
			);
			runOnlyForDeploymentPostprocessing = 0;
		};
/* End PBXFrameworksBuildPhase section */

/* Begin PBXGroup section */
		D62468E51BF3BD80007612C7 = {
			isa = PBXGroup;
			children = (
				D62468F01BF3BD80007612C7 /* nostoryboard */,
				D62469051BF3BD80007612C7 /* nostoryboardTests */,
				D62469101BF3BD80007612C7 /* nostoryboardUITests */,
				D62468EF1BF3BD80007612C7 /* Products */,
			);
			sourceTree = "<group>";
		};
		D62468EF1BF3BD80007612C7 /* Products */ = {
			isa = PBXGroup;
			children = (
				D62468EE1BF3BD80007612C7 /* nostoryboard.app */,
				D62469021BF3BD80007612C7 /* nostoryboardTests.xctest */,
				D624690D1BF3BD80007612C7 /* nostoryboardUITests.xctest */,
			);
			name = Products;
			sourceTree = "<group>";
		};
		D62468F01BF3BD80007612C7 /* nostoryboard */ = {
			isa = PBXGroup;
			children = (
				D62469231BF3BE89007612C7 /* Controller */,
				D62469221BF3BE81007612C7 /* View */,
				D62469211BF3BE78007612C7 /* Model */,
				D62468F11BF3BD80007612C7 /* AppDelegate.swift */,
				D62468F81BF3BD80007612C7 /* Assets.xcassets */,
				D62468FA1BF3BD80007612C7 /* LaunchScreen.storyboard */,
				D62468FD1BF3BD80007612C7 /* Info.plist */,
			);
			path = nostoryboard;
			sourceTree = "<group>";
		};
		D62469051BF3BD80007612C7 /* nostoryboardTests */ = {
			isa = PBXGroup;
			children = (
				D62469061BF3BD80007612C7 /* nostoryboardTests.swift */,
				D62469081BF3BD80007612C7 /* Info.plist */,
			);
			path = nostoryboardTests;
			sourceTree = "<group>";
		};
		D62469101BF3BD80007612C7 /* nostoryboardUITests */ = {
			isa = PBXGroup;
			children = (
				D62469111BF3BD80007612C7 /* nostoryboardUITests.swift */,
				D62469131BF3BD80007612C7 /* Info.plist */,
			);
			path = nostoryboardUITests;
			sourceTree = "<group>";
		};
		D62469211BF3BE78007612C7 /* Model */ = {
			isa = PBXGroup;
			children = (
			);
			name = Model;
			sourceTree = "<group>";
		};
		D62469221BF3BE81007612C7 /* View */ = {
			isa = PBXGroup;
			children = (
				D62469251BF3C163007612C7 /* BlueVC.xib */,
				D624691F1BF3BE69007612C7 /* YellowVC.xib */,
			);
			name = View;
			sourceTree = "<group>";
		};
		D62469231BF3BE89007612C7 /* Controller */ = {
			isa = PBXGroup;
			children = (
				D62468F31BF3BD80007612C7 /* YellowVC.swift */,
				D62469241BF3C163007612C7 /* BlueVC.swift */,
			);
			name = Controller;
			sourceTree = "<group>";
		};
/* End PBXGroup section */

/* Begin PBXNativeTarget section */
		D62468ED1BF3BD80007612C7 /* nostoryboard */ = {
			isa = PBXNativeTarget;
			buildConfigurationList = D62469161BF3BD80007612C7 /* Build configuration list for PBXNativeTarget "nostoryboard" */;
			buildPhases = (
				D62468EA1BF3BD80007612C7 /* Sources */,
				D62468EB1BF3BD80007612C7 /* Frameworks */,
				D62468EC1BF3BD80007612C7 /* Resources */,
			);
			buildRules = (
			);
			dependencies = (
			);
			name = nostoryboard;
			productName = nostoryboard;
			productReference = D62468EE1BF3BD80007612C7 /* nostoryboard.app */;
			productType = "com.apple.product-type.application";
		};
		D62469011BF3BD80007612C7 /* nostoryboardTests */ = {
			isa = PBXNativeTarget;
			buildConfigurationList = D62469191BF3BD80007612C7 /* Build configuration list for PBXNativeTarget "nostoryboardTests" */;
			buildPhases = (
				D62468FE1BF3BD80007612C7 /* Sources */,
				D62468FF1BF3BD80007612C7 /* Frameworks */,
				D62469001BF3BD80007612C7 /* Resources */,
			);
			buildRules = (
			);
			dependencies = (
				D62469041BF3BD80007612C7 /* PBXTargetDependency */,
			);
			name = nostoryboardTests;
			productName = nostoryboardTests;
			productReference = D62469021BF3BD80007612C7 /* nostoryboardTests.xctest */;
			productType = "com.apple.product-type.bundle.unit-test";
		};
		D624690C1BF3BD80007612C7 /* nostoryboardUITests */ = {
			isa = PBXNativeTarget;
			buildConfigurationList = D624691C1BF3BD80007612C7 /* Build configuration list for PBXNativeTarget "nostoryboardUITests" */;
			buildPhases = (
				D62469091BF3BD80007612C7 /* Sources */,
				D624690A1BF3BD80007612C7 /* Frameworks */,
				D624690B1BF3BD80007612C7 /* Resources */,
			);
			buildRules = (
			);
			dependencies = (
				D624690F1BF3BD80007612C7 /* PBXTargetDependency */,
			);
			name = nostoryboardUITests;
			productName = nostoryboardUITests;
			productReference = D624690D1BF3BD80007612C7 /* nostoryboardUITests.xctest */;
			productType = "com.apple.product-type.bundle.ui-testing";
		};
/* End PBXNativeTarget section */

/* Begin PBXProject section */
		D62468E61BF3BD80007612C7 /* Project object */ = {
			isa = PBXProject;
			attributes = {
				LastSwiftUpdateCheck = 0710;
				LastUpgradeCheck = 0710;
				ORGANIZATIONNAME = personal;
				TargetAttributes = {
					D62468ED1BF3BD80007612C7 = {
						CreatedOnToolsVersion = 7.1;
					};
					D62469011BF3BD80007612C7 = {
						CreatedOnToolsVersion = 7.1;
						TestTargetID = D62468ED1BF3BD80007612C7;
					};
					D624690C1BF3BD80007612C7 = {
						CreatedOnToolsVersion = 7.1;
						TestTargetID = D62468ED1BF3BD80007612C7;
					};
				};
			};
			buildConfigurationList = D62468E91BF3BD80007612C7 /* Build configuration list for PBXProject "nostoryboard" */;
			compatibilityVersion = "Xcode 3.2";
			developmentRegion = English;
			hasScannedForEncodings = 0;
			knownRegions = (
				en,
				Base,
			);
			mainGroup = D62468E51BF3BD80007612C7;
			productRefGroup = D62468EF1BF3BD80007612C7 /* Products */;
			projectDirPath = "";
			projectRoot = "";
			targets = (
				D62468ED1BF3BD80007612C7 /* nostoryboard */,
				D62469011BF3BD80007612C7 /* nostoryboardTests */,
				D624690C1BF3BD80007612C7 /* nostoryboardUITests */,
			);
		};
/* End PBXProject section */

/* Begin PBXResourcesBuildPhase section */
		D62468EC1BF3BD80007612C7 /* Resources */ = {
			isa = PBXResourcesBuildPhase;
			buildActionMask = 2147483647;
			files = (
				D62469271BF3C163007612C7 /* BlueVC.xib in Resources */,
				D62469201BF3BE6A007612C7 /* YellowVC.xib in Resources */,
				D62468FC1BF3BD80007612C7 /* LaunchScreen.storyboard in Resources */,
				D62468F91BF3BD80007612C7 /* Assets.xcassets in Resources */,
			);
			runOnlyForDeploymentPostprocessing = 0;
		};
		D62469001BF3BD80007612C7 /* Resources */ = {
			isa = PBXResourcesBuildPhase;
			buildActionMask = 2147483647;
			files = (
			);
			runOnlyForDeploymentPostprocessing = 0;
		};
		D624690B1BF3BD80007612C7 /* Resources */ = {
			isa = PBXResourcesBuildPhase;
			buildActionMask = 2147483647;
			files = (
			);
			runOnlyForDeploymentPostprocessing = 0;
		};
/* End PBXResourcesBuildPhase section */

/* Begin PBXSourcesBuildPhase section */
		D62468EA1BF3BD80007612C7 /* Sources */ = {
			isa = PBXSourcesBuildPhase;
			buildActionMask = 2147483647;
			files = (
				D62468F41BF3BD80007612C7 /* YellowVC.swift in Sources */,
				D62468F21BF3BD80007612C7 /* AppDelegate.swift in Sources */,
				D62469261BF3C163007612C7 /* BlueVC.swift in Sources */,
			);
			runOnlyForDeploymentPostprocessing = 0;
		};
		D62468FE1BF3BD80007612C7 /* Sources */ = {
			isa = PBXSourcesBuildPhase;
			buildActionMask = 2147483647;
			files = (
				D62469071BF3BD80007612C7 /* nostoryboardTests.swift in Sources */,
			);
			runOnlyForDeploymentPostprocessing = 0;
		};
		D62469091BF3BD80007612C7 /* Sources */ = {
			isa = PBXSourcesBuildPhase;
			buildActionMask = 2147483647;
			files = (
				D62469121BF3BD80007612C7 /* nostoryboardUITests.swift in Sources */,
			);
			runOnlyForDeploymentPostprocessing = 0;
		};
/* End PBXSourcesBuildPhase section */

/* Begin PBXTargetDependency section */
		D62469041BF3BD80007612C7 /* PBXTargetDependency */ = {
			isa = PBXTargetDependency;
			target = D62468ED1BF3BD80007612C7 /* nostoryboard */;
			targetProxy = D62469031BF3BD80007612C7 /* PBXContainerItemProxy */;
		};
		D624690F1BF3BD80007612C7 /* PBXTargetDependency */ = {
			isa = PBXTargetDependency;
			target = D62468ED1BF3BD80007612C7 /* nostoryboard */;
			targetProxy = D624690E1BF3BD80007612C7 /* PBXContainerItemProxy */;
		};
/* End PBXTargetDependency section */

/* Begin PBXVariantGroup section */
		D62468FA1BF3BD80007612C7 /* LaunchScreen.storyboard */ = {
			isa = PBXVariantGroup;
			children = (
				D62468FB1BF3BD80007612C7 /* Base */,
			);
			name = LaunchScreen.storyboard;
			sourceTree = "<group>";
		};
/* End PBXVariantGroup section */

/* Begin XCBuildConfiguration section */
		D62469141BF3BD80007612C7 /* Debug */ = {
			isa = XCBuildConfiguration;
			buildSettings = {
				ALWAYS_SEARCH_USER_PATHS = NO;
				CLANG_CXX_LANGUAGE_STANDARD = "gnu++0x";
				CLANG_CXX_LIBRARY = "libc++";
				CLANG_ENABLE_MODULES = YES;
				CLANG_ENABLE_OBJC_ARC = YES;
				CLANG_WARN_BOOL_CONVERSION = YES;
				CLANG_WARN_CONSTANT_CONVERSION = YES;
				CLANG_WARN_DIRECT_OBJC_ISA_USAGE = YES_ERROR;
				CLANG_WARN_EMPTY_BODY = YES;
				CLANG_WARN_ENUM_CONVERSION = YES;
				CLANG_WARN_INT_CONVERSION = YES;
				CLANG_WARN_OBJC_ROOT_CLASS = YES_ERROR;
				CLANG_WARN_UNREACHABLE_CODE = YES;
				CLANG_WARN__DUPLICATE_METHOD_MATCH = YES;
				"CODE_SIGN_IDENTITY[sdk=iphoneos*]" = "iPhone Developer";
				COPY_PHASE_STRIP = NO;
				DEBUG_INFORMATION_FORMAT = dwarf;
				ENABLE_STRICT_OBJC_MSGSEND = YES;
				ENABLE_TESTABILITY = YES;
				GCC_C_LANGUAGE_STANDARD = gnu99;
				GCC_DYNAMIC_NO_PIC = NO;
				GCC_NO_COMMON_BLOCKS = YES;
				GCC_OPTIMIZATION_LEVEL = 0;
				GCC_PREPROCESSOR_DEFINITIONS = (
					"DEBUG=1",
					"$(inherited)",
				);
				GCC_WARN_64_TO_32_BIT_CONVERSION = YES;
				GCC_WARN_ABOUT_RETURN_TYPE = YES_ERROR;
				GCC_WARN_UNDECLARED_SELECTOR = YES;
				GCC_WARN_UNINITIALIZED_AUTOS = YES_AGGRESSIVE;
				GCC_WARN_UNUSED_FUNCTION = YES;
				GCC_WARN_UNUSED_VARIABLE = YES;
				IPHONEOS_DEPLOYMENT_TARGET = 9.1;
				MTL_ENABLE_DEBUG_INFO = YES;
				ONLY_ACTIVE_ARCH = YES;
				SDKROOT = iphoneos;
				SWIFT_OPTIMIZATION_LEVEL = "-Onone";
			};
			name = Debug;
		};
		D62469151BF3BD80007612C7 /* Release */ = {
			isa = XCBuildConfiguration;
			buildSettings = {
				ALWAYS_SEARCH_USER_PATHS = NO;
				CLANG_CXX_LANGUAGE_STANDARD = "gnu++0x";
				CLANG_CXX_LIBRARY = "libc++";
				CLANG_ENABLE_MODULES = YES;
				CLANG_ENABLE_OBJC_ARC = YES;
				CLANG_WARN_BOOL_CONVERSION = YES;
				CLANG_WARN_CONSTANT_CONVERSION = YES;
				CLANG_WARN_DIRECT_OBJC_ISA_USAGE = YES_ERROR;
				CLANG_WARN_EMPTY_BODY = YES;
				CLANG_WARN_ENUM_CONVERSION = YES;
				CLANG_WARN_INT_CONVERSION = YES;
				CLANG_WARN_OBJC_ROOT_CLASS = YES_ERROR;
				CLANG_WARN_UNREACHABLE_CODE = YES;
				CLANG_WARN__DUPLICATE_METHOD_MATCH = YES;
				"CODE_SIGN_IDENTITY[sdk=iphoneos*]" = "iPhone Developer";
				COPY_PHASE_STRIP = NO;
				DEBUG_INFORMATION_FORMAT = "dwarf-with-dsym";
				ENABLE_NS_ASSERTIONS = NO;
				ENABLE_STRICT_OBJC_MSGSEND = YES;
				GCC_C_LANGUAGE_STANDARD = gnu99;
				GCC_NO_COMMON_BLOCKS = YES;
				GCC_WARN_64_TO_32_BIT_CONVERSION = YES;
				GCC_WARN_ABOUT_RETURN_TYPE = YES_ERROR;
				GCC_WARN_UNDECLARED_SELECTOR = YES;
				GCC_WARN_UNINITIALIZED_AUTOS = YES_AGGRESSIVE;
				GCC_WARN_UNUSED_FUNCTION = YES;
				GCC_WARN_UNUSED_VARIABLE = YES;
				IPHONEOS_DEPLOYMENT_TARGET = 9.1;
				MTL_ENABLE_DEBUG_INFO = NO;
				SDKROOT = iphoneos;
				VALIDATE_PRODUCT = YES;
			};
			name = Release;
		};
		D62469171BF3BD80007612C7 /* Debug */ = {
			isa = XCBuildConfiguration;
			buildSettings = {
				ASSETCATALOG_COMPILER_APPICON_NAME = AppIcon;
				INFOPLIST_FILE = nostoryboard/Info.plist;
				LD_RUNPATH_SEARCH_PATHS = "$(inherited) @executable_path/Frameworks";
				PRODUCT_BUNDLE_IDENTIFIER = com.personal.nostoryboard;
				PRODUCT_NAME = "$(TARGET_NAME)";
			};
			name = Debug;
		};
		D62469181BF3BD80007612C7 /* Release */ = {
			isa = XCBuildConfiguration;
			buildSettings = {
				ASSETCATALOG_COMPILER_APPICON_NAME = AppIcon;
				INFOPLIST_FILE = nostoryboard/Info.plist;
				LD_RUNPATH_SEARCH_PATHS = "$(inherited) @executable_path/Frameworks";
				PRODUCT_BUNDLE_IDENTIFIER = com.personal.nostoryboard;
				PRODUCT_NAME = "$(TARGET_NAME)";
			};
			name = Release;
		};
		D624691A1BF3BD80007612C7 /* Debug */ = {
			isa = XCBuildConfiguration;
			buildSettings = {
				BUNDLE_LOADER = "$(TEST_HOST)";
				INFOPLIST_FILE = nostoryboardTests/Info.plist;
				LD_RUNPATH_SEARCH_PATHS = "$(inherited) @executable_path/Frameworks @loader_path/Frameworks";
				PRODUCT_BUNDLE_IDENTIFIER = com.personal.nostoryboardTests;
				PRODUCT_NAME = "$(TARGET_NAME)";
				TEST_HOST = "$(BUILT_PRODUCTS_DIR)/nostoryboard.app/nostoryboard";
			};
			name = Debug;
		};
		D624691B1BF3BD80007612C7 /* Release */ = {
			isa = XCBuildConfiguration;
			buildSettings = {
				BUNDLE_LOADER = "$(TEST_HOST)";
				INFOPLIST_FILE = nostoryboardTests/Info.plist;
				LD_RUNPATH_SEARCH_PATHS = "$(inherited) @executable_path/Frameworks @loader_path/Frameworks";
				PRODUCT_BUNDLE_IDENTIFIER = com.personal.nostoryboardTests;
				PRODUCT_NAME = "$(TARGET_NAME)";
				TEST_HOST = "$(BUILT_PRODUCTS_DIR)/nostoryboard.app/nostoryboard";
			};
			name = Release;
		};
		D624691D1BF3BD80007612C7 /* Debug */ = {
			isa = XCBuildConfiguration;
			buildSettings = {
				INFOPLIST_FILE = nostoryboardUITests/Info.plist;
				LD_RUNPATH_SEARCH_PATHS = "$(inherited) @executable_path/Frameworks @loader_path/Frameworks";
				PRODUCT_BUNDLE_IDENTIFIER = com.personal.nostoryboardUITests;
				PRODUCT_NAME = "$(TARGET_NAME)";
				TEST_TARGET_NAME = nostoryboard;
				USES_XCTRUNNER = YES;
			};
			name = Debug;
		};
		D624691E1BF3BD80007612C7 /* Release */ = {
			isa = XCBuildConfiguration;
			buildSettings = {
				INFOPLIST_FILE = nostoryboardUITests/Info.plist;
				LD_RUNPATH_SEARCH_PATHS = "$(inherited) @executable_path/Frameworks @loader_path/Frameworks";
				PRODUCT_BUNDLE_IDENTIFIER = com.personal.nostoryboardUITests;
				PRODUCT_NAME = "$(TARGET_NAME)";
				TEST_TARGET_NAME = nostoryboard;
				USES_XCTRUNNER = YES;
			};
			name = Release;
		};
/* End XCBuildConfiguration section */

/* Begin XCConfigurationList section */
		D62468E91BF3BD80007612C7 /* Build configuration list for PBXProject "nostoryboard" */ = {
			isa = XCConfigurationList;
			buildConfigurations = (
				D62469141BF3BD80007612C7 /* Debug */,
				D62469151BF3BD80007612C7 /* Release */,
			);
			defaultConfigurationIsVisible = 0;
			defaultConfigurationName = Release;
		};
		D62469161BF3BD80007612C7 /* Build configuration list for PBXNativeTarget "nostoryboard" */ = {
			isa = XCConfigurationList;
			buildConfigurations = (
				D62469171BF3BD80007612C7 /* Debug */,
				D62469181BF3BD80007612C7 /* Release */,
			);
			defaultConfigurationIsVisible = 0;
		};
		D62469191BF3BD80007612C7 /* Build configuration list for PBXNativeTarget "nostoryboardTests" */ = {
			isa = XCConfigurationList;
			buildConfigurations = (
				D624691A1BF3BD80007612C7 /* Debug */,
				D624691B1BF3BD80007612C7 /* Release */,
			);
			defaultConfigurationIsVisible = 0;
		};
		D624691C1BF3BD80007612C7 /* Build configuration list for PBXNativeTarget "nostoryboardUITests" */ = {
			isa = XCConfigurationList;
			buildConfigurations = (
				D624691D1BF3BD80007612C7 /* Debug */,
				D624691E1BF3BD80007612C7 /* Release */,
			);
			defaultConfigurationIsVisible = 0;
		};
/* End XCConfigurationList section */
	};
	rootObject = D62468E61BF3BD80007612C7 /* Project object */;
}
